
Microsoft Visual Studio Solution File, Format Version 12.00
# Visual Studio 15
VisualStudioVersion = 15.0.28307.1259
MinimumVisualStudioVersion = 10.0.40219.1
Project("{FAE04EC0-301F-11D3-BF4B-00C04F79EFBC}") = "WebAPIDoctorProject", "WebAPIDoctorProject\WebAPIDoctorProject.csproj", "{DF85DDBC-B1A9-4C40-87E0-F85B2D478FBF}"
EndProject
Global
	GlobalSection(SolutionConfigurationPlatforms) = preSolution
		Debug|Any CPU = Debug|Any CPU
		Release|Any CPU = Release|Any CPU
	EndGlobalSection
	GlobalSection(ProjectConfigurationPlatforms) = postSolution
		{DF85DDBC-B1A9-4C40-87E0-F85B2D478FBF}.Debug|Any CPU.ActiveCfg = Debug|Any CPU
		{DF85DDBC-B1A9-4C40-87E0-F85B2D478FBF}.Debug|Any CPU.Build.0 = Debug|Any CPU
		{DF85DDBC-B1A9-4C40-87E0-F85B2D478FBF}.Release|Any CPU.ActiveCfg = Release|Any CPU
		{DF85DDBC-B1A9-4C40-87E0-F85B2D478FBF}.Release|Any CPU.Build.0 = Release|Any CPU
	EndGlobalSection
	GlobalSection(SolutionProperties) = preSolution
		HideSolutionNode = FALSE
	EndGlobalSection
	GlobalSection(ExtensibilityGlobals) = postSolution
		SolutionGuid = {78356119-6C8F-42EE-AD02-BA2038FDE844}
	EndGlobalSection
EndGlobal
