
Microsoft Visual Studio Solution File, Format Version 12.00
# Visual Studio 15
VisualStudioVersion = 15.0.28307.1259
MinimumVisualStudioVersion = 10.0.40219.1
Project("{FAE04EC0-301F-11D3-BF4B-00C04F79EFBC}") = "WebAPIPracticeProject", "WebAPIPracticeProject\WebAPIPracticeProject.csproj", "{7716F3A0-D78F-46A6-98A6-2A74279675D9}"
EndProject
Global
	GlobalSection(SolutionConfigurationPlatforms) = preSolution
		Debug|Any CPU = Debug|Any CPU
		Release|Any CPU = Release|Any CPU
	EndGlobalSection
	GlobalSection(ProjectConfigurationPlatforms) = postSolution
		{7716F3A0-D78F-46A6-98A6-2A74279675D9}.Debug|Any CPU.ActiveCfg = Debug|Any CPU
		{7716F3A0-D78F-46A6-98A6-2A74279675D9}.Debug|Any CPU.Build.0 = Debug|Any CPU
		{7716F3A0-D78F-46A6-98A6-2A74279675D9}.Release|Any CPU.ActiveCfg = Release|Any CPU
		{7716F3A0-D78F-46A6-98A6-2A74279675D9}.Release|Any CPU.Build.0 = Release|Any CPU
	EndGlobalSection
	GlobalSection(SolutionProperties) = preSolution
		HideSolutionNode = FALSE
	EndGlobalSection
	GlobalSection(ExtensibilityGlobals) = postSolution
		SolutionGuid = {CF494106-7688-4836-B786-A4E3E78FD4E3}
	EndGlobalSection
EndGlobal
