
Microsoft Visual Studio Solution File, Format Version 12.00
# Visual Studio 15
VisualStudioVersion = 15.0.28307.1259
MinimumVisualStudioVersion = 10.0.40219.1
Project("{FAE04EC0-301F-11D3-BF4B-00C04F79EFBC}") = "UnderstandingEFSolution", "UnderstandingEFSolution\UnderstandingEFSolution.csproj", "{4CFB22F9-37E6-4D8D-8F6E-45183198608B}"
EndProject
Global
	GlobalSection(SolutionConfigurationPlatforms) = preSolution
		Debug|Any CPU = Debug|Any CPU
		Release|Any CPU = Release|Any CPU
	EndGlobalSection
	GlobalSection(ProjectConfigurationPlatforms) = postSolution
		{4CFB22F9-37E6-4D8D-8F6E-45183198608B}.Debug|Any CPU.ActiveCfg = Debug|Any CPU
		{4CFB22F9-37E6-4D8D-8F6E-45183198608B}.Debug|Any CPU.Build.0 = Debug|Any CPU
		{4CFB22F9-37E6-4D8D-8F6E-45183198608B}.Release|Any CPU.ActiveCfg = Release|Any CPU
		{4CFB22F9-37E6-4D8D-8F6E-45183198608B}.Release|Any CPU.Build.0 = Release|Any CPU
	EndGlobalSection
	GlobalSection(SolutionProperties) = preSolution
		HideSolutionNode = FALSE
	EndGlobalSection
	GlobalSection(ExtensibilityGlobals) = postSolution
		SolutionGuid = {BBFC527E-B16C-4EE7-AC58-6A31B0EC1231}
	EndGlobalSection
EndGlobal
