
Microsoft Visual Studio Solution File, Format Version 12.00
# Visual Studio 15
VisualStudioVersion = 15.0.28307.1259
MinimumVisualStudioVersion = 10.0.40219.1
Project("{FAE04EC0-301F-11D3-BF4B-00C04F79EFBC}") = "OtherAPITopicsSolution", "OtherAPITopicsSolution\OtherAPITopicsSolution.csproj", "{2A845D92-25D8-4CB7-BED2-5BBE9D7E6077}"
EndProject
Global
	GlobalSection(SolutionConfigurationPlatforms) = preSolution
		Debug|Any CPU = Debug|Any CPU
		Release|Any CPU = Release|Any CPU
	EndGlobalSection
	GlobalSection(ProjectConfigurationPlatforms) = postSolution
		{2A845D92-25D8-4CB7-BED2-5BBE9D7E6077}.Debug|Any CPU.ActiveCfg = Debug|Any CPU
		{2A845D92-25D8-4CB7-BED2-5BBE9D7E6077}.Debug|Any CPU.Build.0 = Debug|Any CPU
		{2A845D92-25D8-4CB7-BED2-5BBE9D7E6077}.Release|Any CPU.ActiveCfg = Release|Any CPU
		{2A845D92-25D8-4CB7-BED2-5BBE9D7E6077}.Release|Any CPU.Build.0 = Release|Any CPU
	EndGlobalSection
	GlobalSection(SolutionProperties) = preSolution
		HideSolutionNode = FALSE
	EndGlobalSection
	GlobalSection(ExtensibilityGlobals) = postSolution
		SolutionGuid = {3413B22B-C26B-42E1-A01E-3E21E2B876D1}
	EndGlobalSection
EndGlobal
