
Microsoft Visual Studio Solution File, Format Version 12.00
# Visual Studio 15
VisualStudioVersion = 15.0.28307.1259
MinimumVisualStudioVersion = 10.0.40219.1
Project("{FAE04EC0-301F-11D3-BF4B-00C04F79EFBC}") = "NewMVCProject", "NewMVCProject\NewMVCProject.csproj", "{287C853E-5506-4FB3-AC6C-D130ADB2A85F}"
EndProject
Global
	GlobalSection(SolutionConfigurationPlatforms) = preSolution
		Debug|Any CPU = Debug|Any CPU
		Release|Any CPU = Release|Any CPU
	EndGlobalSection
	GlobalSection(ProjectConfigurationPlatforms) = postSolution
		{287C853E-5506-4FB3-AC6C-D130ADB2A85F}.Debug|Any CPU.ActiveCfg = Debug|Any CPU
		{287C853E-5506-4FB3-AC6C-D130ADB2A85F}.Debug|Any CPU.Build.0 = Debug|Any CPU
		{287C853E-5506-4FB3-AC6C-D130ADB2A85F}.Release|Any CPU.ActiveCfg = Release|Any CPU
		{287C853E-5506-4FB3-AC6C-D130ADB2A85F}.Release|Any CPU.Build.0 = Release|Any CPU
	EndGlobalSection
	GlobalSection(SolutionProperties) = preSolution
		HideSolutionNode = FALSE
	EndGlobalSection
	GlobalSection(ExtensibilityGlobals) = postSolution
		SolutionGuid = {CC508F75-75D9-421A-A3C5-BA138AE9DBC6}
	EndGlobalSection
EndGlobal
